
Microsoft Visual Studio Solution File, Format Version 12.00
# Visual Studio Version 16
VisualStudioVersion = 16.0.31105.61
MinimumVisualStudioVersion = 10.0.40219.1
Project("{FAE04EC0-301F-11D3-BF4B-00C04F79EFBC}") = "ALT.CVL.Core", "ALT.CVL.Core\ALT.CVL.Core.csproj", "{02E0493D-DC41-4814-8F0A-F01A03439366}"
EndProject
Project("{FAE04EC0-301F-11D3-BF4B-00C04F79EFBC}") = "ALT.CVL.Logger", "ALT.Logger\ALT.CVL.Logger.csproj", "{14C29CB4-C927-41AB-896B-FAE5DEAB6FB3}"
EndProject
Project("{FAE04EC0-301F-11D3-BF4B-00C04F79EFBC}") = "ALT.CVL.LightController", "ALT.CVL.LightController\ALT.CVL.LightController.csproj", "{BB19C7BD-3E08-4CB2-A63D-45D0987CC6B7}"
EndProject
Project("{FAE04EC0-301F-11D3-BF4B-00C04F79EFBC}") = "ALT.CVL.KeyDescryptor", "ALT.CVL.KeyDescryptor\ALT.CVL.KeyDescryptor.csproj", "{B1275276-76C5-409F-9C14-16AC30E86B8E}"
EndProject
Project("{FAE04EC0-301F-11D3-BF4B-00C04F79EFBC}") = "ALT.CVL.SICK", "ALT.CVL.SICK\ALT.CVL.SICK.csproj", "{2B04E2DD-F11D-4A4B-BE76-74BA6215C399}"
EndProject
Project("{FAE04EC0-301F-11D3-BF4B-00C04F79EFBC}") = "ALT.CVL.GeneralCam", "ALT.CVL.GeneralCam\ALT.CVL.GeneralCam.csproj", "{421AC974-0AC8-486F-BBF6-505643E2ED9A}"
EndProject
Project("{FAE04EC0-301F-11D3-BF4B-00C04F79EFBC}") = "ALT.CVL.BaslerCam", "ALT.CVL.BaslerCam\ALT.CVL.BaslerCam.csproj", "{408E34F0-1D42-4D9A-BA51-14D206CAE313}"
EndProject
Project("{FAE04EC0-301F-11D3-BF4B-00C04F79EFBC}") = "ALT.CVL.MatroxCam", "ALT.CVL.MatroxCam\ALT.CVL.MatroxCam.csproj", "{111D6D6B-55C3-40C2-9CA4-FA2392E4136D}"
EndProject
Project("{FAE04EC0-301F-11D3-BF4B-00C04F79EFBC}") = "ALT.CVL.Common", "ALT.CVL.Common\ALT.CVL.Common.csproj", "{E9A17E06-6826-4A5A-A0FF-2D5B21DE2FB1}"
EndProject
Project("{FAE04EC0-301F-11D3-BF4B-00C04F79EFBC}") = "ALT.CVL.Controls", "ALT.CVL.Controls\ALT.CVL.Controls.csproj", "{F48F9117-35AE-4F62-9FC6-6CF38A5D6A6A}"
EndProject
Project("{9A19103F-16F7-4668-BE54-9A1E7A4F7556}") = "TestDotNetCore", "TestWPF\TestDotNetCore.csproj", "{CC5690B7-78FA-4D76-8B3A-D8B8F2306BCF}"
EndProject
Project("{FAE04EC0-301F-11D3-BF4B-00C04F79EFBC}") = "TestWPFDotNetFramework", "TestWPFDotNetFramework\TestWPFDotNetFramework.csproj", "{79189E40-F9DC-4D42-86C6-E00A087F401A}"
EndProject
Project("{FAE04EC0-301F-11D3-BF4B-00C04F79EFBC}") = "ALT.CVL.Cognex.Controls", "ALT.CVL.Cognex.Controls\ALT.CVL.Cognex.Controls.csproj", "{E4CE39DE-F06A-47E3-9AA1-0776BB16C918}"
EndProject
Project("{8BC9CEB8-8B4A-11D0-8D11-00A0C91BC942}") = "SICK_Calib_CLR", "SICK_Calib_CLR\SICK_Calib_CLR.vcxproj", "{5CD4ABC4-5AAB-4439-9CBF-D490AED08438}"
EndProject
Project("{FAE04EC0-301F-11D3-BF4B-00C04F79EFBC}") = "Test", "Test\Test.csproj", "{AB6E98A6-D785-4B86-BC8A-3C4BAAF6F518}"
EndProject
Global
	GlobalSection(SolutionConfigurationPlatforms) = preSolution
		Debug|Any CPU = Debug|Any CPU
		Debug|x64 = Debug|x64
		Debug|x86 = Debug|x86
		Release|Any CPU = Release|Any CPU
		Release|x64 = Release|x64
		Release|x86 = Release|x86
		Remote|Any CPU = Remote|Any CPU
		Remote|x64 = Remote|x64
		Remote|x86 = Remote|x86
		배포|Any CPU = 배포|Any CPU
		배포|x64 = 배포|x64
		배포|x86 = 배포|x86
	EndGlobalSection
	GlobalSection(ProjectConfigurationPlatforms) = postSolution
		{02E0493D-DC41-4814-8F0A-F01A03439366}.Debug|Any CPU.ActiveCfg = Debug|Any CPU
		{02E0493D-DC41-4814-8F0A-F01A03439366}.Debug|Any CPU.Build.0 = Debug|Any CPU
		{02E0493D-DC41-4814-8F0A-F01A03439366}.Debug|x64.ActiveCfg = Debug|x64
		{02E0493D-DC41-4814-8F0A-F01A03439366}.Debug|x64.Build.0 = Debug|x64
		{02E0493D-DC41-4814-8F0A-F01A03439366}.Debug|x86.ActiveCfg = Debug|Any CPU
		{02E0493D-DC41-4814-8F0A-F01A03439366}.Debug|x86.Build.0 = Debug|Any CPU
		{02E0493D-DC41-4814-8F0A-F01A03439366}.Release|Any CPU.ActiveCfg = Release|Any CPU
		{02E0493D-DC41-4814-8F0A-F01A03439366}.Release|Any CPU.Build.0 = Release|Any CPU
		{02E0493D-DC41-4814-8F0A-F01A03439366}.Release|x64.ActiveCfg = Release|x64
		{02E0493D-DC41-4814-8F0A-F01A03439366}.Release|x64.Build.0 = Release|x64
		{02E0493D-DC41-4814-8F0A-F01A03439366}.Release|x86.ActiveCfg = Release|Any CPU
		{02E0493D-DC41-4814-8F0A-F01A03439366}.Release|x86.Build.0 = Release|Any CPU
		{02E0493D-DC41-4814-8F0A-F01A03439366}.Remote|Any CPU.ActiveCfg = Release|Any CPU
		{02E0493D-DC41-4814-8F0A-F01A03439366}.Remote|Any CPU.Build.0 = Release|Any CPU
		{02E0493D-DC41-4814-8F0A-F01A03439366}.Remote|x64.ActiveCfg = Release|x64
		{02E0493D-DC41-4814-8F0A-F01A03439366}.Remote|x64.Build.0 = Release|x64
		{02E0493D-DC41-4814-8F0A-F01A03439366}.Remote|x86.ActiveCfg = Release|Any CPU
		{02E0493D-DC41-4814-8F0A-F01A03439366}.Remote|x86.Build.0 = Release|Any CPU
		{02E0493D-DC41-4814-8F0A-F01A03439366}.배포|Any CPU.ActiveCfg = 배포|Any CPU
		{02E0493D-DC41-4814-8F0A-F01A03439366}.배포|Any CPU.Build.0 = 배포|Any CPU
		{02E0493D-DC41-4814-8F0A-F01A03439366}.배포|x64.ActiveCfg = 배포|x64
		{02E0493D-DC41-4814-8F0A-F01A03439366}.배포|x64.Build.0 = 배포|x64
		{02E0493D-DC41-4814-8F0A-F01A03439366}.배포|x86.ActiveCfg = 배포|Any CPU
		{02E0493D-DC41-4814-8F0A-F01A03439366}.배포|x86.Build.0 = 배포|Any CPU
		{14C29CB4-C927-41AB-896B-FAE5DEAB6FB3}.Debug|Any CPU.ActiveCfg = Debug|Any CPU
		{14C29CB4-C927-41AB-896B-FAE5DEAB6FB3}.Debug|Any CPU.Build.0 = Debug|Any CPU
		{14C29CB4-C927-41AB-896B-FAE5DEAB6FB3}.Debug|x64.ActiveCfg = Debug|x64
		{14C29CB4-C927-41AB-896B-FAE5DEAB6FB3}.Debug|x64.Build.0 = Debug|x64
		{14C29CB4-C927-41AB-896B-FAE5DEAB6FB3}.Debug|x86.ActiveCfg = Debug|Any CPU
		{14C29CB4-C927-41AB-896B-FAE5DEAB6FB3}.Debug|x86.Build.0 = Debug|Any CPU
		{14C29CB4-C927-41AB-896B-FAE5DEAB6FB3}.Release|Any CPU.ActiveCfg = Release|Any CPU
		{14C29CB4-C927-41AB-896B-FAE5DEAB6FB3}.Release|Any CPU.Build.0 = Release|Any CPU
		{14C29CB4-C927-41AB-896B-FAE5DEAB6FB3}.Release|x64.ActiveCfg = Release|x64
		{14C29CB4-C927-41AB-896B-FAE5DEAB6FB3}.Release|x64.Build.0 = Release|x64
		{14C29CB4-C927-41AB-896B-FAE5DEAB6FB3}.Release|x86.ActiveCfg = Release|Any CPU
		{14C29CB4-C927-41AB-896B-FAE5DEAB6FB3}.Release|x86.Build.0 = Release|Any CPU
		{14C29CB4-C927-41AB-896B-FAE5DEAB6FB3}.Remote|Any CPU.ActiveCfg = Remote|Any CPU
		{14C29CB4-C927-41AB-896B-FAE5DEAB6FB3}.Remote|Any CPU.Build.0 = Remote|Any CPU
		{14C29CB4-C927-41AB-896B-FAE5DEAB6FB3}.Remote|x64.ActiveCfg = Remote|x64
		{14C29CB4-C927-41AB-896B-FAE5DEAB6FB3}.Remote|x64.Build.0 = Remote|x64
		{14C29CB4-C927-41AB-896B-FAE5DEAB6FB3}.Remote|x86.ActiveCfg = Remote|Any CPU
		{14C29CB4-C927-41AB-896B-FAE5DEAB6FB3}.Remote|x86.Build.0 = Remote|Any CPU
		{14C29CB4-C927-41AB-896B-FAE5DEAB6FB3}.배포|Any CPU.ActiveCfg = 배포|Any CPU
		{14C29CB4-C927-41AB-896B-FAE5DEAB6FB3}.배포|Any CPU.Build.0 = 배포|Any CPU
		{14C29CB4-C927-41AB-896B-FAE5DEAB6FB3}.배포|x64.ActiveCfg = 배포|x64
		{14C29CB4-C927-41AB-896B-FAE5DEAB6FB3}.배포|x64.Build.0 = 배포|x64
		{14C29CB4-C927-41AB-896B-FAE5DEAB6FB3}.배포|x86.ActiveCfg = 배포|Any CPU
		{14C29CB4-C927-41AB-896B-FAE5DEAB6FB3}.배포|x86.Build.0 = 배포|Any CPU
		{BB19C7BD-3E08-4CB2-A63D-45D0987CC6B7}.Debug|Any CPU.ActiveCfg = Debug|Any CPU
		{BB19C7BD-3E08-4CB2-A63D-45D0987CC6B7}.Debug|Any CPU.Build.0 = Debug|Any CPU
		{BB19C7BD-3E08-4CB2-A63D-45D0987CC6B7}.Debug|x64.ActiveCfg = Debug|Any CPU
		{BB19C7BD-3E08-4CB2-A63D-45D0987CC6B7}.Debug|x64.Build.0 = Debug|Any CPU
		{BB19C7BD-3E08-4CB2-A63D-45D0987CC6B7}.Debug|x86.ActiveCfg = Debug|Any CPU
		{BB19C7BD-3E08-4CB2-A63D-45D0987CC6B7}.Debug|x86.Build.0 = Debug|Any CPU
		{BB19C7BD-3E08-4CB2-A63D-45D0987CC6B7}.Release|Any CPU.ActiveCfg = Release|Any CPU
		{BB19C7BD-3E08-4CB2-A63D-45D0987CC6B7}.Release|Any CPU.Build.0 = Release|Any CPU
		{BB19C7BD-3E08-4CB2-A63D-45D0987CC6B7}.Release|x64.ActiveCfg = Release|Any CPU
		{BB19C7BD-3E08-4CB2-A63D-45D0987CC6B7}.Release|x64.Build.0 = Release|Any CPU
		{BB19C7BD-3E08-4CB2-A63D-45D0987CC6B7}.Release|x86.ActiveCfg = Release|Any CPU
		{BB19C7BD-3E08-4CB2-A63D-45D0987CC6B7}.Release|x86.Build.0 = Release|Any CPU
		{BB19C7BD-3E08-4CB2-A63D-45D0987CC6B7}.Remote|Any CPU.ActiveCfg = Release|Any CPU
		{BB19C7BD-3E08-4CB2-A63D-45D0987CC6B7}.Remote|Any CPU.Build.0 = Release|Any CPU
		{BB19C7BD-3E08-4CB2-A63D-45D0987CC6B7}.Remote|x64.ActiveCfg = Release|Any CPU
		{BB19C7BD-3E08-4CB2-A63D-45D0987CC6B7}.Remote|x64.Build.0 = Release|Any CPU
		{BB19C7BD-3E08-4CB2-A63D-45D0987CC6B7}.Remote|x86.ActiveCfg = Release|Any CPU
		{BB19C7BD-3E08-4CB2-A63D-45D0987CC6B7}.Remote|x86.Build.0 = Release|Any CPU
		{BB19C7BD-3E08-4CB2-A63D-45D0987CC6B7}.배포|Any CPU.ActiveCfg = 배포|Any CPU
		{BB19C7BD-3E08-4CB2-A63D-45D0987CC6B7}.배포|Any CPU.Build.0 = 배포|Any CPU
		{BB19C7BD-3E08-4CB2-A63D-45D0987CC6B7}.배포|x64.ActiveCfg = 배포|Any CPU
		{BB19C7BD-3E08-4CB2-A63D-45D0987CC6B7}.배포|x64.Build.0 = 배포|Any CPU
		{BB19C7BD-3E08-4CB2-A63D-45D0987CC6B7}.배포|x86.ActiveCfg = 배포|Any CPU
		{BB19C7BD-3E08-4CB2-A63D-45D0987CC6B7}.배포|x86.Build.0 = 배포|Any CPU
		{B1275276-76C5-409F-9C14-16AC30E86B8E}.Debug|Any CPU.ActiveCfg = Debug|Any CPU
		{B1275276-76C5-409F-9C14-16AC30E86B8E}.Debug|Any CPU.Build.0 = Debug|Any CPU
		{B1275276-76C5-409F-9C14-16AC30E86B8E}.Debug|x64.ActiveCfg = Debug|Any CPU
		{B1275276-76C5-409F-9C14-16AC30E86B8E}.Debug|x64.Build.0 = Debug|Any CPU
		{B1275276-76C5-409F-9C14-16AC30E86B8E}.Debug|x86.ActiveCfg = Debug|Any CPU
		{B1275276-76C5-409F-9C14-16AC30E86B8E}.Debug|x86.Build.0 = Debug|Any CPU
		{B1275276-76C5-409F-9C14-16AC30E86B8E}.Release|Any CPU.ActiveCfg = Release|Any CPU
		{B1275276-76C5-409F-9C14-16AC30E86B8E}.Release|Any CPU.Build.0 = Release|Any CPU
		{B1275276-76C5-409F-9C14-16AC30E86B8E}.Release|x64.ActiveCfg = Release|Any CPU
		{B1275276-76C5-409F-9C14-16AC30E86B8E}.Release|x64.Build.0 = Release|Any CPU
		{B1275276-76C5-409F-9C14-16AC30E86B8E}.Release|x86.ActiveCfg = Release|Any CPU
		{B1275276-76C5-409F-9C14-16AC30E86B8E}.Release|x86.Build.0 = Release|Any CPU
		{B1275276-76C5-409F-9C14-16AC30E86B8E}.Remote|Any CPU.ActiveCfg = Release|Any CPU
		{B1275276-76C5-409F-9C14-16AC30E86B8E}.Remote|Any CPU.Build.0 = Release|Any CPU
		{B1275276-76C5-409F-9C14-16AC30E86B8E}.Remote|x64.ActiveCfg = Release|Any CPU
		{B1275276-76C5-409F-9C14-16AC30E86B8E}.Remote|x64.Build.0 = Release|Any CPU
		{B1275276-76C5-409F-9C14-16AC30E86B8E}.Remote|x86.ActiveCfg = Release|Any CPU
		{B1275276-76C5-409F-9C14-16AC30E86B8E}.Remote|x86.Build.0 = Release|Any CPU
		{B1275276-76C5-409F-9C14-16AC30E86B8E}.배포|Any CPU.ActiveCfg = 배포|Any CPU
		{B1275276-76C5-409F-9C14-16AC30E86B8E}.배포|Any CPU.Build.0 = 배포|Any CPU
		{B1275276-76C5-409F-9C14-16AC30E86B8E}.배포|x64.ActiveCfg = 배포|Any CPU
		{B1275276-76C5-409F-9C14-16AC30E86B8E}.배포|x64.Build.0 = 배포|Any CPU
		{B1275276-76C5-409F-9C14-16AC30E86B8E}.배포|x86.ActiveCfg = 배포|Any CPU
		{B1275276-76C5-409F-9C14-16AC30E86B8E}.배포|x86.Build.0 = 배포|Any CPU
		{2B04E2DD-F11D-4A4B-BE76-74BA6215C399}.Debug|Any CPU.ActiveCfg = Debug|Any CPU
		{2B04E2DD-F11D-4A4B-BE76-74BA6215C399}.Debug|Any CPU.Build.0 = Debug|Any CPU
		{2B04E2DD-F11D-4A4B-BE76-74BA6215C399}.Debug|x64.ActiveCfg = Debug|Any CPU
		{2B04E2DD-F11D-4A4B-BE76-74BA6215C399}.Debug|x64.Build.0 = Debug|Any CPU
		{2B04E2DD-F11D-4A4B-BE76-74BA6215C399}.Debug|x86.ActiveCfg = Debug|Any CPU
		{2B04E2DD-F11D-4A4B-BE76-74BA6215C399}.Debug|x86.Build.0 = Debug|Any CPU
		{2B04E2DD-F11D-4A4B-BE76-74BA6215C399}.Release|Any CPU.ActiveCfg = Release|Any CPU
		{2B04E2DD-F11D-4A4B-BE76-74BA6215C399}.Release|Any CPU.Build.0 = Release|Any CPU
		{2B04E2DD-F11D-4A4B-BE76-74BA6215C399}.Release|x64.ActiveCfg = Release|Any CPU
		{2B04E2DD-F11D-4A4B-BE76-74BA6215C399}.Release|x64.Build.0 = Release|Any CPU
		{2B04E2DD-F11D-4A4B-BE76-74BA6215C399}.Release|x86.ActiveCfg = Release|Any CPU
		{2B04E2DD-F11D-4A4B-BE76-74BA6215C399}.Release|x86.Build.0 = Release|Any CPU
		{2B04E2DD-F11D-4A4B-BE76-74BA6215C399}.Remote|Any CPU.ActiveCfg = Release|Any CPU
		{2B04E2DD-F11D-4A4B-BE76-74BA6215C399}.Remote|Any CPU.Build.0 = Release|Any CPU
		{2B04E2DD-F11D-4A4B-BE76-74BA6215C399}.Remote|x64.ActiveCfg = Release|Any CPU
		{2B04E2DD-F11D-4A4B-BE76-74BA6215C399}.Remote|x64.Build.0 = Release|Any CPU
		{2B04E2DD-F11D-4A4B-BE76-74BA6215C399}.Remote|x86.ActiveCfg = Release|Any CPU
		{2B04E2DD-F11D-4A4B-BE76-74BA6215C399}.Remote|x86.Build.0 = Release|Any CPU
		{2B04E2DD-F11D-4A4B-BE76-74BA6215C399}.배포|Any CPU.ActiveCfg = 배포|Any CPU
		{2B04E2DD-F11D-4A4B-BE76-74BA6215C399}.배포|Any CPU.Build.0 = 배포|Any CPU
		{2B04E2DD-F11D-4A4B-BE76-74BA6215C399}.배포|x64.ActiveCfg = 배포|Any CPU
		{2B04E2DD-F11D-4A4B-BE76-74BA6215C399}.배포|x64.Build.0 = 배포|Any CPU
		{2B04E2DD-F11D-4A4B-BE76-74BA6215C399}.배포|x86.ActiveCfg = 배포|Any CPU
		{2B04E2DD-F11D-4A4B-BE76-74BA6215C399}.배포|x86.Build.0 = 배포|Any CPU
		{421AC974-0AC8-486F-BBF6-505643E2ED9A}.Debug|Any CPU.ActiveCfg = Debug|Any CPU
		{421AC974-0AC8-486F-BBF6-505643E2ED9A}.Debug|Any CPU.Build.0 = Debug|Any CPU
		{421AC974-0AC8-486F-BBF6-505643E2ED9A}.Debug|x64.ActiveCfg = Debug|x64
		{421AC974-0AC8-486F-BBF6-505643E2ED9A}.Debug|x64.Build.0 = Debug|x64
		{421AC974-0AC8-486F-BBF6-505643E2ED9A}.Debug|x86.ActiveCfg = Debug|Any CPU
		{421AC974-0AC8-486F-BBF6-505643E2ED9A}.Debug|x86.Build.0 = Debug|Any CPU
		{421AC974-0AC8-486F-BBF6-505643E2ED9A}.Release|Any CPU.ActiveCfg = Release|Any CPU
		{421AC974-0AC8-486F-BBF6-505643E2ED9A}.Release|Any CPU.Build.0 = Release|Any CPU
		{421AC974-0AC8-486F-BBF6-505643E2ED9A}.Release|x64.ActiveCfg = Release|x64
		{421AC974-0AC8-486F-BBF6-505643E2ED9A}.Release|x64.Build.0 = Release|x64
		{421AC974-0AC8-486F-BBF6-505643E2ED9A}.Release|x86.ActiveCfg = Release|Any CPU
		{421AC974-0AC8-486F-BBF6-505643E2ED9A}.Release|x86.Build.0 = Release|Any CPU
		{421AC974-0AC8-486F-BBF6-505643E2ED9A}.Remote|Any CPU.ActiveCfg = Release|Any CPU
		{421AC974-0AC8-486F-BBF6-505643E2ED9A}.Remote|Any CPU.Build.0 = Release|Any CPU
		{421AC974-0AC8-486F-BBF6-505643E2ED9A}.Remote|x64.ActiveCfg = Release|x64
		{421AC974-0AC8-486F-BBF6-505643E2ED9A}.Remote|x64.Build.0 = Release|x64
		{421AC974-0AC8-486F-BBF6-505643E2ED9A}.Remote|x86.ActiveCfg = Release|Any CPU
		{421AC974-0AC8-486F-BBF6-505643E2ED9A}.Remote|x86.Build.0 = Release|Any CPU
		{421AC974-0AC8-486F-BBF6-505643E2ED9A}.배포|Any CPU.ActiveCfg = 배포|Any CPU
		{421AC974-0AC8-486F-BBF6-505643E2ED9A}.배포|Any CPU.Build.0 = 배포|Any CPU
		{421AC974-0AC8-486F-BBF6-505643E2ED9A}.배포|x64.ActiveCfg = 배포|x64
		{421AC974-0AC8-486F-BBF6-505643E2ED9A}.배포|x64.Build.0 = 배포|x64
		{421AC974-0AC8-486F-BBF6-505643E2ED9A}.배포|x86.ActiveCfg = 배포|Any CPU
		{421AC974-0AC8-486F-BBF6-505643E2ED9A}.배포|x86.Build.0 = 배포|Any CPU
		{408E34F0-1D42-4D9A-BA51-14D206CAE313}.Debug|Any CPU.ActiveCfg = Debug|Any CPU
		{408E34F0-1D42-4D9A-BA51-14D206CAE313}.Debug|Any CPU.Build.0 = Debug|Any CPU
		{408E34F0-1D42-4D9A-BA51-14D206CAE313}.Debug|x64.ActiveCfg = Debug|Any CPU
		{408E34F0-1D42-4D9A-BA51-14D206CAE313}.Debug|x64.Build.0 = Debug|Any CPU
		{408E34F0-1D42-4D9A-BA51-14D206CAE313}.Debug|x86.ActiveCfg = Debug|Any CPU
		{408E34F0-1D42-4D9A-BA51-14D206CAE313}.Debug|x86.Build.0 = Debug|Any CPU
		{408E34F0-1D42-4D9A-BA51-14D206CAE313}.Release|Any CPU.ActiveCfg = Release|Any CPU
		{408E34F0-1D42-4D9A-BA51-14D206CAE313}.Release|Any CPU.Build.0 = Release|Any CPU
		{408E34F0-1D42-4D9A-BA51-14D206CAE313}.Release|x64.ActiveCfg = Release|Any CPU
		{408E34F0-1D42-4D9A-BA51-14D206CAE313}.Release|x64.Build.0 = Release|Any CPU
		{408E34F0-1D42-4D9A-BA51-14D206CAE313}.Release|x86.ActiveCfg = Release|Any CPU
		{408E34F0-1D42-4D9A-BA51-14D206CAE313}.Release|x86.Build.0 = Release|Any CPU
		{408E34F0-1D42-4D9A-BA51-14D206CAE313}.Remote|Any CPU.ActiveCfg = Release|Any CPU
		{408E34F0-1D42-4D9A-BA51-14D206CAE313}.Remote|Any CPU.Build.0 = Release|Any CPU
		{408E34F0-1D42-4D9A-BA51-14D206CAE313}.Remote|x64.ActiveCfg = Release|Any CPU
		{408E34F0-1D42-4D9A-BA51-14D206CAE313}.Remote|x64.Build.0 = Release|Any CPU
		{408E34F0-1D42-4D9A-BA51-14D206CAE313}.Remote|x86.ActiveCfg = Release|Any CPU
		{408E34F0-1D42-4D9A-BA51-14D206CAE313}.Remote|x86.Build.0 = Release|Any CPU
		{408E34F0-1D42-4D9A-BA51-14D206CAE313}.배포|Any CPU.ActiveCfg = 배포|Any CPU
		{408E34F0-1D42-4D9A-BA51-14D206CAE313}.배포|Any CPU.Build.0 = 배포|Any CPU
		{408E34F0-1D42-4D9A-BA51-14D206CAE313}.배포|x64.ActiveCfg = 배포|Any CPU
		{408E34F0-1D42-4D9A-BA51-14D206CAE313}.배포|x64.Build.0 = 배포|Any CPU
		{408E34F0-1D42-4D9A-BA51-14D206CAE313}.배포|x86.ActiveCfg = 배포|Any CPU
		{408E34F0-1D42-4D9A-BA51-14D206CAE313}.배포|x86.Build.0 = 배포|Any CPU
		{111D6D6B-55C3-40C2-9CA4-FA2392E4136D}.Debug|Any CPU.ActiveCfg = Debug|Any CPU
		{111D6D6B-55C3-40C2-9CA4-FA2392E4136D}.Debug|Any CPU.Build.0 = Debug|Any CPU
		{111D6D6B-55C3-40C2-9CA4-FA2392E4136D}.Debug|x64.ActiveCfg = Debug|Any CPU
		{111D6D6B-55C3-40C2-9CA4-FA2392E4136D}.Debug|x64.Build.0 = Debug|Any CPU
		{111D6D6B-55C3-40C2-9CA4-FA2392E4136D}.Debug|x86.ActiveCfg = Debug|Any CPU
		{111D6D6B-55C3-40C2-9CA4-FA2392E4136D}.Debug|x86.Build.0 = Debug|Any CPU
		{111D6D6B-55C3-40C2-9CA4-FA2392E4136D}.Release|Any CPU.ActiveCfg = Release|Any CPU
		{111D6D6B-55C3-40C2-9CA4-FA2392E4136D}.Release|Any CPU.Build.0 = Release|Any CPU
		{111D6D6B-55C3-40C2-9CA4-FA2392E4136D}.Release|x64.ActiveCfg = Release|Any CPU
		{111D6D6B-55C3-40C2-9CA4-FA2392E4136D}.Release|x64.Build.0 = Release|Any CPU
		{111D6D6B-55C3-40C2-9CA4-FA2392E4136D}.Release|x86.ActiveCfg = Release|Any CPU
		{111D6D6B-55C3-40C2-9CA4-FA2392E4136D}.Release|x86.Build.0 = Release|Any CPU
		{111D6D6B-55C3-40C2-9CA4-FA2392E4136D}.Remote|Any CPU.ActiveCfg = Release|Any CPU
		{111D6D6B-55C3-40C2-9CA4-FA2392E4136D}.Remote|Any CPU.Build.0 = Release|Any CPU
		{111D6D6B-55C3-40C2-9CA4-FA2392E4136D}.Remote|x64.ActiveCfg = Release|Any CPU
		{111D6D6B-55C3-40C2-9CA4-FA2392E4136D}.Remote|x64.Build.0 = Release|Any CPU
		{111D6D6B-55C3-40C2-9CA4-FA2392E4136D}.Remote|x86.ActiveCfg = Release|Any CPU
		{111D6D6B-55C3-40C2-9CA4-FA2392E4136D}.Remote|x86.Build.0 = Release|Any CPU
		{111D6D6B-55C3-40C2-9CA4-FA2392E4136D}.배포|Any CPU.ActiveCfg = 배포|Any CPU
		{111D6D6B-55C3-40C2-9CA4-FA2392E4136D}.배포|Any CPU.Build.0 = 배포|Any CPU
		{111D6D6B-55C3-40C2-9CA4-FA2392E4136D}.배포|x64.ActiveCfg = 배포|Any CPU
		{111D6D6B-55C3-40C2-9CA4-FA2392E4136D}.배포|x64.Build.0 = 배포|Any CPU
		{111D6D6B-55C3-40C2-9CA4-FA2392E4136D}.배포|x86.ActiveCfg = 배포|Any CPU
		{111D6D6B-55C3-40C2-9CA4-FA2392E4136D}.배포|x86.Build.0 = 배포|Any CPU
		{E9A17E06-6826-4A5A-A0FF-2D5B21DE2FB1}.Debug|Any CPU.ActiveCfg = Debug|Any CPU
		{E9A17E06-6826-4A5A-A0FF-2D5B21DE2FB1}.Debug|Any CPU.Build.0 = Debug|Any CPU
		{E9A17E06-6826-4A5A-A0FF-2D5B21DE2FB1}.Debug|x64.ActiveCfg = Debug|Any CPU
		{E9A17E06-6826-4A5A-A0FF-2D5B21DE2FB1}.Debug|x64.Build.0 = Debug|Any CPU
		{E9A17E06-6826-4A5A-A0FF-2D5B21DE2FB1}.Debug|x86.ActiveCfg = Debug|Any CPU
		{E9A17E06-6826-4A5A-A0FF-2D5B21DE2FB1}.Debug|x86.Build.0 = Debug|Any CPU
		{E9A17E06-6826-4A5A-A0FF-2D5B21DE2FB1}.Release|Any CPU.ActiveCfg = Release|Any CPU
		{E9A17E06-6826-4A5A-A0FF-2D5B21DE2FB1}.Release|Any CPU.Build.0 = Release|Any CPU
		{E9A17E06-6826-4A5A-A0FF-2D5B21DE2FB1}.Release|x64.ActiveCfg = Release|Any CPU
		{E9A17E06-6826-4A5A-A0FF-2D5B21DE2FB1}.Release|x64.Build.0 = Release|Any CPU
		{E9A17E06-6826-4A5A-A0FF-2D5B21DE2FB1}.Release|x86.ActiveCfg = Release|Any CPU
		{E9A17E06-6826-4A5A-A0FF-2D5B21DE2FB1}.Release|x86.Build.0 = Release|Any CPU
		{E9A17E06-6826-4A5A-A0FF-2D5B21DE2FB1}.Remote|Any CPU.ActiveCfg = Release|Any CPU
		{E9A17E06-6826-4A5A-A0FF-2D5B21DE2FB1}.Remote|Any CPU.Build.0 = Release|Any CPU
		{E9A17E06-6826-4A5A-A0FF-2D5B21DE2FB1}.Remote|x64.ActiveCfg = Release|Any CPU
		{E9A17E06-6826-4A5A-A0FF-2D5B21DE2FB1}.Remote|x64.Build.0 = Release|Any CPU
		{E9A17E06-6826-4A5A-A0FF-2D5B21DE2FB1}.Remote|x86.ActiveCfg = Release|Any CPU
		{E9A17E06-6826-4A5A-A0FF-2D5B21DE2FB1}.Remote|x86.Build.0 = Release|Any CPU
		{E9A17E06-6826-4A5A-A0FF-2D5B21DE2FB1}.배포|Any CPU.ActiveCfg = 배포|Any CPU
		{E9A17E06-6826-4A5A-A0FF-2D5B21DE2FB1}.배포|Any CPU.Build.0 = 배포|Any CPU
		{E9A17E06-6826-4A5A-A0FF-2D5B21DE2FB1}.배포|x64.ActiveCfg = 배포|Any CPU
		{E9A17E06-6826-4A5A-A0FF-2D5B21DE2FB1}.배포|x64.Build.0 = 배포|Any CPU
		{E9A17E06-6826-4A5A-A0FF-2D5B21DE2FB1}.배포|x86.ActiveCfg = 배포|Any CPU
		{E9A17E06-6826-4A5A-A0FF-2D5B21DE2FB1}.배포|x86.Build.0 = 배포|Any CPU
		{F48F9117-35AE-4F62-9FC6-6CF38A5D6A6A}.Debug|Any CPU.ActiveCfg = Debug|Any CPU
		{F48F9117-35AE-4F62-9FC6-6CF38A5D6A6A}.Debug|Any CPU.Build.0 = Debug|Any CPU
		{F48F9117-35AE-4F62-9FC6-6CF38A5D6A6A}.Debug|x64.ActiveCfg = Debug|Any CPU
		{F48F9117-35AE-4F62-9FC6-6CF38A5D6A6A}.Debug|x64.Build.0 = Debug|Any CPU
		{F48F9117-35AE-4F62-9FC6-6CF38A5D6A6A}.Debug|x86.ActiveCfg = Debug|Any CPU
		{F48F9117-35AE-4F62-9FC6-6CF38A5D6A6A}.Debug|x86.Build.0 = Debug|Any CPU
		{F48F9117-35AE-4F62-9FC6-6CF38A5D6A6A}.Release|Any CPU.ActiveCfg = Release|Any CPU
		{F48F9117-35AE-4F62-9FC6-6CF38A5D6A6A}.Release|Any CPU.Build.0 = Release|Any CPU
		{F48F9117-35AE-4F62-9FC6-6CF38A5D6A6A}.Release|x64.ActiveCfg = Release|Any CPU
		{F48F9117-35AE-4F62-9FC6-6CF38A5D6A6A}.Release|x64.Build.0 = Release|Any CPU
		{F48F9117-35AE-4F62-9FC6-6CF38A5D6A6A}.Release|x86.ActiveCfg = Release|Any CPU
		{F48F9117-35AE-4F62-9FC6-6CF38A5D6A6A}.Release|x86.Build.0 = Release|Any CPU
		{F48F9117-35AE-4F62-9FC6-6CF38A5D6A6A}.Remote|Any CPU.ActiveCfg = Release|Any CPU
		{F48F9117-35AE-4F62-9FC6-6CF38A5D6A6A}.Remote|Any CPU.Build.0 = Release|Any CPU
		{F48F9117-35AE-4F62-9FC6-6CF38A5D6A6A}.Remote|x64.ActiveCfg = Release|Any CPU
		{F48F9117-35AE-4F62-9FC6-6CF38A5D6A6A}.Remote|x64.Build.0 = Release|Any CPU
		{F48F9117-35AE-4F62-9FC6-6CF38A5D6A6A}.Remote|x86.ActiveCfg = Release|Any CPU
		{F48F9117-35AE-4F62-9FC6-6CF38A5D6A6A}.Remote|x86.Build.0 = Release|Any CPU
		{F48F9117-35AE-4F62-9FC6-6CF38A5D6A6A}.배포|Any CPU.ActiveCfg = 배포|Any CPU
		{F48F9117-35AE-4F62-9FC6-6CF38A5D6A6A}.배포|Any CPU.Build.0 = 배포|Any CPU
		{F48F9117-35AE-4F62-9FC6-6CF38A5D6A6A}.배포|x64.ActiveCfg = 배포|Any CPU
		{F48F9117-35AE-4F62-9FC6-6CF38A5D6A6A}.배포|x64.Build.0 = 배포|Any CPU
		{F48F9117-35AE-4F62-9FC6-6CF38A5D6A6A}.배포|x86.ActiveCfg = 배포|Any CPU
		{F48F9117-35AE-4F62-9FC6-6CF38A5D6A6A}.배포|x86.Build.0 = 배포|Any CPU
		{CC5690B7-78FA-4D76-8B3A-D8B8F2306BCF}.Debug|Any CPU.ActiveCfg = Debug|Any CPU
		{CC5690B7-78FA-4D76-8B3A-D8B8F2306BCF}.Debug|Any CPU.Build.0 = Debug|Any CPU
		{CC5690B7-78FA-4D76-8B3A-D8B8F2306BCF}.Debug|x64.ActiveCfg = Debug|Any CPU
		{CC5690B7-78FA-4D76-8B3A-D8B8F2306BCF}.Debug|x64.Build.0 = Debug|Any CPU
		{CC5690B7-78FA-4D76-8B3A-D8B8F2306BCF}.Debug|x86.ActiveCfg = Debug|Any CPU
		{CC5690B7-78FA-4D76-8B3A-D8B8F2306BCF}.Debug|x86.Build.0 = Debug|Any CPU
		{CC5690B7-78FA-4D76-8B3A-D8B8F2306BCF}.Release|Any CPU.ActiveCfg = Release|Any CPU
		{CC5690B7-78FA-4D76-8B3A-D8B8F2306BCF}.Release|Any CPU.Build.0 = Release|Any CPU
		{CC5690B7-78FA-4D76-8B3A-D8B8F2306BCF}.Release|x64.ActiveCfg = Release|Any CPU
		{CC5690B7-78FA-4D76-8B3A-D8B8F2306BCF}.Release|x64.Build.0 = Release|Any CPU
		{CC5690B7-78FA-4D76-8B3A-D8B8F2306BCF}.Release|x86.ActiveCfg = Release|Any CPU
		{CC5690B7-78FA-4D76-8B3A-D8B8F2306BCF}.Release|x86.Build.0 = Release|Any CPU
		{CC5690B7-78FA-4D76-8B3A-D8B8F2306BCF}.Remote|Any CPU.ActiveCfg = Release|Any CPU
		{CC5690B7-78FA-4D76-8B3A-D8B8F2306BCF}.Remote|Any CPU.Build.0 = Release|Any CPU
		{CC5690B7-78FA-4D76-8B3A-D8B8F2306BCF}.Remote|x64.ActiveCfg = Release|Any CPU
		{CC5690B7-78FA-4D76-8B3A-D8B8F2306BCF}.Remote|x64.Build.0 = Release|Any CPU
		{CC5690B7-78FA-4D76-8B3A-D8B8F2306BCF}.Remote|x86.ActiveCfg = Release|Any CPU
		{CC5690B7-78FA-4D76-8B3A-D8B8F2306BCF}.Remote|x86.Build.0 = Release|Any CPU
		{CC5690B7-78FA-4D76-8B3A-D8B8F2306BCF}.배포|Any CPU.ActiveCfg = 배포|Any CPU
		{CC5690B7-78FA-4D76-8B3A-D8B8F2306BCF}.배포|Any CPU.Build.0 = 배포|Any CPU
		{CC5690B7-78FA-4D76-8B3A-D8B8F2306BCF}.배포|x64.ActiveCfg = 배포|Any CPU
		{CC5690B7-78FA-4D76-8B3A-D8B8F2306BCF}.배포|x64.Build.0 = 배포|Any CPU
		{CC5690B7-78FA-4D76-8B3A-D8B8F2306BCF}.배포|x86.ActiveCfg = 배포|Any CPU
		{CC5690B7-78FA-4D76-8B3A-D8B8F2306BCF}.배포|x86.Build.0 = 배포|Any CPU
		{79189E40-F9DC-4D42-86C6-E00A087F401A}.Debug|Any CPU.ActiveCfg = Debug|Any CPU
		{79189E40-F9DC-4D42-86C6-E00A087F401A}.Debug|Any CPU.Build.0 = Debug|Any CPU
		{79189E40-F9DC-4D42-86C6-E00A087F401A}.Debug|x64.ActiveCfg = Debug|Any CPU
		{79189E40-F9DC-4D42-86C6-E00A087F401A}.Debug|x64.Build.0 = Debug|Any CPU
		{79189E40-F9DC-4D42-86C6-E00A087F401A}.Debug|x86.ActiveCfg = Debug|Any CPU
		{79189E40-F9DC-4D42-86C6-E00A087F401A}.Debug|x86.Build.0 = Debug|Any CPU
		{79189E40-F9DC-4D42-86C6-E00A087F401A}.Release|Any CPU.ActiveCfg = Release|Any CPU
		{79189E40-F9DC-4D42-86C6-E00A087F401A}.Release|Any CPU.Build.0 = Release|Any CPU
		{79189E40-F9DC-4D42-86C6-E00A087F401A}.Release|x64.ActiveCfg = Release|Any CPU
		{79189E40-F9DC-4D42-86C6-E00A087F401A}.Release|x64.Build.0 = Release|Any CPU
		{79189E40-F9DC-4D42-86C6-E00A087F401A}.Release|x86.ActiveCfg = Release|Any CPU
		{79189E40-F9DC-4D42-86C6-E00A087F401A}.Release|x86.Build.0 = Release|Any CPU
		{79189E40-F9DC-4D42-86C6-E00A087F401A}.Remote|Any CPU.ActiveCfg = Release|Any CPU
		{79189E40-F9DC-4D42-86C6-E00A087F401A}.Remote|Any CPU.Build.0 = Release|Any CPU
		{79189E40-F9DC-4D42-86C6-E00A087F401A}.Remote|x64.ActiveCfg = Release|Any CPU
		{79189E40-F9DC-4D42-86C6-E00A087F401A}.Remote|x64.Build.0 = Release|Any CPU
		{79189E40-F9DC-4D42-86C6-E00A087F401A}.Remote|x86.ActiveCfg = Release|Any CPU
		{79189E40-F9DC-4D42-86C6-E00A087F401A}.Remote|x86.Build.0 = Release|Any CPU
		{79189E40-F9DC-4D42-86C6-E00A087F401A}.배포|Any CPU.ActiveCfg = 배포|Any CPU
		{79189E40-F9DC-4D42-86C6-E00A087F401A}.배포|Any CPU.Build.0 = 배포|Any CPU
		{79189E40-F9DC-4D42-86C6-E00A087F401A}.배포|x64.ActiveCfg = 배포|Any CPU
		{79189E40-F9DC-4D42-86C6-E00A087F401A}.배포|x64.Build.0 = 배포|Any CPU
		{79189E40-F9DC-4D42-86C6-E00A087F401A}.배포|x86.ActiveCfg = 배포|Any CPU
		{79189E40-F9DC-4D42-86C6-E00A087F401A}.배포|x86.Build.0 = 배포|Any CPU
		{E4CE39DE-F06A-47E3-9AA1-0776BB16C918}.Debug|Any CPU.ActiveCfg = Debug|Any CPU
		{E4CE39DE-F06A-47E3-9AA1-0776BB16C918}.Debug|Any CPU.Build.0 = Debug|Any CPU
		{E4CE39DE-F06A-47E3-9AA1-0776BB16C918}.Debug|x64.ActiveCfg = Debug|Any CPU
		{E4CE39DE-F06A-47E3-9AA1-0776BB16C918}.Debug|x64.Build.0 = Debug|Any CPU
		{E4CE39DE-F06A-47E3-9AA1-0776BB16C918}.Debug|x86.ActiveCfg = Debug|Any CPU
		{E4CE39DE-F06A-47E3-9AA1-0776BB16C918}.Debug|x86.Build.0 = Debug|Any CPU
		{E4CE39DE-F06A-47E3-9AA1-0776BB16C918}.Release|Any CPU.ActiveCfg = Release|Any CPU
		{E4CE39DE-F06A-47E3-9AA1-0776BB16C918}.Release|Any CPU.Build.0 = Release|Any CPU
		{E4CE39DE-F06A-47E3-9AA1-0776BB16C918}.Release|x64.ActiveCfg = Release|Any CPU
		{E4CE39DE-F06A-47E3-9AA1-0776BB16C918}.Release|x64.Build.0 = Release|Any CPU
		{E4CE39DE-F06A-47E3-9AA1-0776BB16C918}.Release|x86.ActiveCfg = Release|Any CPU
		{E4CE39DE-F06A-47E3-9AA1-0776BB16C918}.Release|x86.Build.0 = Release|Any CPU
		{E4CE39DE-F06A-47E3-9AA1-0776BB16C918}.Remote|Any CPU.ActiveCfg = Release|Any CPU
		{E4CE39DE-F06A-47E3-9AA1-0776BB16C918}.Remote|Any CPU.Build.0 = Release|Any CPU
		{E4CE39DE-F06A-47E3-9AA1-0776BB16C918}.Remote|x64.ActiveCfg = Release|Any CPU
		{E4CE39DE-F06A-47E3-9AA1-0776BB16C918}.Remote|x64.Build.0 = Release|Any CPU
		{E4CE39DE-F06A-47E3-9AA1-0776BB16C918}.Remote|x86.ActiveCfg = Release|Any CPU
		{E4CE39DE-F06A-47E3-9AA1-0776BB16C918}.Remote|x86.Build.0 = Release|Any CPU
		{E4CE39DE-F06A-47E3-9AA1-0776BB16C918}.배포|Any CPU.ActiveCfg = 배포|Any CPU
		{E4CE39DE-F06A-47E3-9AA1-0776BB16C918}.배포|Any CPU.Build.0 = 배포|Any CPU
		{E4CE39DE-F06A-47E3-9AA1-0776BB16C918}.배포|x64.ActiveCfg = 배포|Any CPU
		{E4CE39DE-F06A-47E3-9AA1-0776BB16C918}.배포|x64.Build.0 = 배포|Any CPU
		{E4CE39DE-F06A-47E3-9AA1-0776BB16C918}.배포|x86.ActiveCfg = 배포|Any CPU
		{E4CE39DE-F06A-47E3-9AA1-0776BB16C918}.배포|x86.Build.0 = 배포|Any CPU
		{5CD4ABC4-5AAB-4439-9CBF-D490AED08438}.Debug|Any CPU.ActiveCfg = Debug|Win32
		{5CD4ABC4-5AAB-4439-9CBF-D490AED08438}.Debug|x64.ActiveCfg = Debug|x64
		{5CD4ABC4-5AAB-4439-9CBF-D490AED08438}.Debug|x64.Build.0 = Debug|x64
		{5CD4ABC4-5AAB-4439-9CBF-D490AED08438}.Debug|x86.ActiveCfg = Debug|Win32
		{5CD4ABC4-5AAB-4439-9CBF-D490AED08438}.Debug|x86.Build.0 = Debug|Win32
		{5CD4ABC4-5AAB-4439-9CBF-D490AED08438}.Release|Any CPU.ActiveCfg = Release|Win32
		{5CD4ABC4-5AAB-4439-9CBF-D490AED08438}.Release|x64.ActiveCfg = Release|x64
		{5CD4ABC4-5AAB-4439-9CBF-D490AED08438}.Release|x64.Build.0 = Release|x64
		{5CD4ABC4-5AAB-4439-9CBF-D490AED08438}.Release|x86.ActiveCfg = Release|Win32
		{5CD4ABC4-5AAB-4439-9CBF-D490AED08438}.Release|x86.Build.0 = Release|Win32
		{5CD4ABC4-5AAB-4439-9CBF-D490AED08438}.Remote|Any CPU.ActiveCfg = Debug|Win32
		{5CD4ABC4-5AAB-4439-9CBF-D490AED08438}.Remote|Any CPU.Build.0 = Debug|Win32
		{5CD4ABC4-5AAB-4439-9CBF-D490AED08438}.Remote|x64.ActiveCfg = Release|x64
		{5CD4ABC4-5AAB-4439-9CBF-D490AED08438}.Remote|x64.Build.0 = Release|x64
		{5CD4ABC4-5AAB-4439-9CBF-D490AED08438}.Remote|x86.ActiveCfg = Release|Win32
		{5CD4ABC4-5AAB-4439-9CBF-D490AED08438}.Remote|x86.Build.0 = Release|Win32
		{5CD4ABC4-5AAB-4439-9CBF-D490AED08438}.배포|Any CPU.ActiveCfg = 배포|Win32
		{5CD4ABC4-5AAB-4439-9CBF-D490AED08438}.배포|x64.ActiveCfg = 배포|x64
		{5CD4ABC4-5AAB-4439-9CBF-D490AED08438}.배포|x64.Build.0 = 배포|x64
		{5CD4ABC4-5AAB-4439-9CBF-D490AED08438}.배포|x86.ActiveCfg = 배포|Win32
		{5CD4ABC4-5AAB-4439-9CBF-D490AED08438}.배포|x86.Build.0 = 배포|Win32
		{AB6E98A6-D785-4B86-BC8A-3C4BAAF6F518}.Debug|Any CPU.ActiveCfg = Debug|Any CPU
		{AB6E98A6-D785-4B86-BC8A-3C4BAAF6F518}.Debug|Any CPU.Build.0 = Debug|Any CPU
		{AB6E98A6-D785-4B86-BC8A-3C4BAAF6F518}.Debug|x64.ActiveCfg = Debug|Any CPU
		{AB6E98A6-D785-4B86-BC8A-3C4BAAF6F518}.Debug|x64.Build.0 = Debug|Any CPU
		{AB6E98A6-D785-4B86-BC8A-3C4BAAF6F518}.Debug|x86.ActiveCfg = Debug|Any CPU
		{AB6E98A6-D785-4B86-BC8A-3C4BAAF6F518}.Debug|x86.Build.0 = Debug|Any CPU
		{AB6E98A6-D785-4B86-BC8A-3C4BAAF6F518}.Release|Any CPU.ActiveCfg = Release|Any CPU
		{AB6E98A6-D785-4B86-BC8A-3C4BAAF6F518}.Release|Any CPU.Build.0 = Release|Any CPU
		{AB6E98A6-D785-4B86-BC8A-3C4BAAF6F518}.Release|x64.ActiveCfg = Release|Any CPU
		{AB6E98A6-D785-4B86-BC8A-3C4BAAF6F518}.Release|x64.Build.0 = Release|Any CPU
		{AB6E98A6-D785-4B86-BC8A-3C4BAAF6F518}.Release|x86.ActiveCfg = Release|Any CPU
		{AB6E98A6-D785-4B86-BC8A-3C4BAAF6F518}.Release|x86.Build.0 = Release|Any CPU
		{AB6E98A6-D785-4B86-BC8A-3C4BAAF6F518}.Remote|Any CPU.ActiveCfg = Release|Any CPU
		{AB6E98A6-D785-4B86-BC8A-3C4BAAF6F518}.Remote|Any CPU.Build.0 = Release|Any CPU
		{AB6E98A6-D785-4B86-BC8A-3C4BAAF6F518}.Remote|x64.ActiveCfg = Release|Any CPU
		{AB6E98A6-D785-4B86-BC8A-3C4BAAF6F518}.Remote|x64.Build.0 = Release|Any CPU
		{AB6E98A6-D785-4B86-BC8A-3C4BAAF6F518}.Remote|x86.ActiveCfg = Release|Any CPU
		{AB6E98A6-D785-4B86-BC8A-3C4BAAF6F518}.Remote|x86.Build.0 = Release|Any CPU
		{AB6E98A6-D785-4B86-BC8A-3C4BAAF6F518}.배포|Any CPU.ActiveCfg = Debug|Any CPU
		{AB6E98A6-D785-4B86-BC8A-3C4BAAF6F518}.배포|Any CPU.Build.0 = Debug|Any CPU
		{AB6E98A6-D785-4B86-BC8A-3C4BAAF6F518}.배포|x64.ActiveCfg = Debug|Any CPU
		{AB6E98A6-D785-4B86-BC8A-3C4BAAF6F518}.배포|x64.Build.0 = Debug|Any CPU
		{AB6E98A6-D785-4B86-BC8A-3C4BAAF6F518}.배포|x86.ActiveCfg = Debug|Any CPU
		{AB6E98A6-D785-4B86-BC8A-3C4BAAF6F518}.배포|x86.Build.0 = Debug|Any CPU
	EndGlobalSection
	GlobalSection(SolutionProperties) = preSolution
		HideSolutionNode = FALSE
	EndGlobalSection
	GlobalSection(ExtensibilityGlobals) = postSolution
		SolutionGuid = {3DE661EA-ECD8-445A-9209-F47F6C452397}
	EndGlobalSection
EndGlobal
